// !$*UTF8*$!
{
	archiveVersion = 1;
	classes = {
	};
	objectVersion = 50;
	objects = {

/* Begin PBXBuildFile section */
		2597465F23A08E38001135E1 /* AppDelegate.swift in Sources */ = {isa = PBXBuildFile; fileRef = 2597465E23A08E38001135E1 /* AppDelegate.swift */; };
		2597466123A08E38001135E1 /* SceneDelegate.swift in Sources */ = {isa = PBXBuildFile; fileRef = 2597466023A08E38001135E1 /* SceneDelegate.swift */; };
		2597466323A08E38001135E1 /* ViewController.swift in Sources */ = {isa = PBXBuildFile; fileRef = 2597466223A08E38001135E1 /* ViewController.swift */; };
		2597466623A08E38001135E1 /* Main.storyboard in Resources */ = {isa = PBXBuildFile; fileRef = 2597466423A08E38001135E1 /* Main.storyboard */; };
		2597466823A08E3A001135E1 /* Assets.xcassets in Resources */ = {isa = PBXBuildFile; fileRef = 2597466723A08E3A001135E1 /* Assets.xcassets */; };
		2597466B23A08E3A001135E1 /* LaunchScreen.storyboard in Resources */ = {isa = PBXBuildFile; fileRef = 2597466923A08E3A001135E1 /* LaunchScreen.storyboard */; };
		2597467623A08E3A001135E1 /* ConcurrencyTestTests.swift in Sources */ = {isa = PBXBuildFile; fileRef = 2597467523A08E3A001135E1 /* ConcurrencyTestTests.swift */; };
		2597468123A0A512001135E1 /* CalculatePrimeOperation.swift in Sources */ = {isa = PBXBuildFile; fileRef = 2597468023A0A512001135E1 /* CalculatePrimeOperation.swift */; };
/* End PBXBuildFile section */

/* Begin PBXContainerItemProxy section */
		2597467223A08E3A001135E1 /* PBXContainerItemProxy */ = {
			isa = PBXContainerItemProxy;
			containerPortal = 2597465323A08E38001135E1 /* Project object */;
			proxyType = 1;
			remoteGlobalIDString = 2597465A23A08E38001135E1;
			remoteInfo = ConcurrencyTest;
		};
/* End PBXContainerItemProxy section */

/* Begin PBXFileReference section */
		2597465B23A08E38001135E1 /* ConcurrencyTest.app */ = {isa = PBXFileReference; explicitFileType = wrapper.application; includeInIndex = 0; path = ConcurrencyTest.app; sourceTree = BUILT_PRODUCTS_DIR; };
		2597465E23A08E38001135E1 /* AppDelegate.swift */ = {isa = PBXFileReference; lastKnownFileType = sourcecode.swift; path = AppDelegate.swift; sourceTree = "<group>"; };
		2597466023A08E38001135E1 /* SceneDelegate.swift */ = {isa = PBXFileReference; lastKnownFileType = sourcecode.swift; path = SceneDelegate.swift; sourceTree = "<group>"; };
		2597466223A08E38001135E1 /* ViewController.swift */ = {isa = PBXFileReference; lastKnownFileType = sourcecode.swift; path = ViewController.swift; sourceTree = "<group>"; };
		2597466523A08E38001135E1 /* Base */ = {isa = PBXFileReference; lastKnownFileType = file.storyboard; name = Base; path = Base.lproj/Main.storyboard; sourceTree = "<group>"; };
		2597466723A08E3A001135E1 /* Assets.xcassets */ = {isa = PBXFileReference; lastKnownFileType = folder.assetcatalog; path = Assets.xcassets; sourceTree = "<group>"; };
		2597466A23A08E3A001135E1 /* Base */ = {isa = PBXFileReference; lastKnownFileType = file.storyboard; name = Base; path = Base.lproj/LaunchScreen.storyboard; sourceTree = "<group>"; };
		2597466C23A08E3A001135E1 /* Info.plist */ = {isa = PBXFileReference; lastKnownFileType = text.plist.xml; path = Info.plist; sourceTree = "<group>"; };
		2597467123A08E3A001135E1 /* ConcurrencyTestTests.xctest */ = {isa = PBXFileReference; explicitFileType = wrapper.cfbundle; includeInIndex = 0; path = ConcurrencyTestTests.xctest; sourceTree = BUILT_PRODUCTS_DIR; };
		2597467523A08E3A001135E1 /* ConcurrencyTestTests.swift */ = {isa = PBXFileReference; lastKnownFileType = sourcecode.swift; path = ConcurrencyTestTests.swift; sourceTree = "<group>"; };
		2597467723A08E3A001135E1 /* Info.plist */ = {isa = PBXFileReference; lastKnownFileType = text.plist.xml; path = Info.plist; sourceTree = "<group>"; };
		2597468023A0A512001135E1 /* CalculatePrimeOperation.swift */ = {isa = PBXFileReference; lastKnownFileType = sourcecode.swift; path = CalculatePrimeOperation.swift; sourceTree = "<group>"; };
/* End PBXFileReference section */

/* Begin PBXFrameworksBuildPhase section */
		2597465823A08E38001135E1 /* Frameworks */ = {
			isa = PBXFrameworksBuildPhase;
			buildActionMask = 2147483647;
			files = (
			);
			runOnlyForDeploymentPostprocessing = 0;
		};
		2597466E23A08E3A001135E1 /* Frameworks */ = {
			isa = PBXFrameworksBuildPhase;
			buildActionMask = 2147483647;
			files = (
			);
			runOnlyForDeploymentPostprocessing = 0;
		};
/* End PBXFrameworksBuildPhase section */

/* Begin PBXGroup section */
		2597465223A08E38001135E1 = {
			isa = PBXGroup;
			children = (
				2597465D23A08E38001135E1 /* ConcurrencyTest */,
				2597467423A08E3A001135E1 /* ConcurrencyTestTests */,
				2597465C23A08E38001135E1 /* Products */,
			);
			sourceTree = "<group>";
		};
		2597465C23A08E38001135E1 /* Products */ = {
			isa = PBXGroup;
			children = (
				2597465B23A08E38001135E1 /* ConcurrencyTest.app */,
				2597467123A08E3A001135E1 /* ConcurrencyTestTests.xctest */,
			);
			name = Products;
			sourceTree = "<group>";
		};
		2597465D23A08E38001135E1 /* ConcurrencyTest */ = {
			isa = PBXGroup;
			children = (
				2597465E23A08E38001135E1 /* AppDelegate.swift */,
				2597466023A08E38001135E1 /* SceneDelegate.swift */,
				2597468023A0A512001135E1 /* CalculatePrimeOperation.swift */,
				2597466223A08E38001135E1 /* ViewController.swift */,
				2597466423A08E38001135E1 /* Main.storyboard */,
				2597466723A08E3A001135E1 /* Assets.xcassets */,
				2597466923A08E3A001135E1 /* LaunchScreen.storyboard */,
				2597466C23A08E3A001135E1 /* Info.plist */,
			);
			path = ConcurrencyTest;
			sourceTree = "<group>";
		};
		2597467423A08E3A001135E1 /* ConcurrencyTestTests */ = {
			isa = PBXGroup;
			children = (
				2597467523A08E3A001135E1 /* ConcurrencyTestTests.swift */,
				2597467723A08E3A001135E1 /* Info.plist */,
			);
			path = ConcurrencyTestTests;
			sourceTree = "<group>";
		};
/* End PBXGroup section */

/* Begin PBXNativeTarget section */
		2597465A23A08E38001135E1 /* ConcurrencyTest */ = {
			isa = PBXNativeTarget;
			buildConfigurationList = 2597467A23A08E3A001135E1 /* Build configuration list for PBXNativeTarget "ConcurrencyTest" */;
			buildPhases = (
				2597465723A08E38001135E1 /* Sources */,
				2597465823A08E38001135E1 /* Frameworks */,
				2597465923A08E38001135E1 /* Resources */,
			);
			buildRules = (
			);
			dependencies = (
			);
			name = ConcurrencyTest;
			productName = ConcurrencyTest;
			productReference = 2597465B23A08E38001135E1 /* ConcurrencyTest.app */;
			productType = "com.apple.product-type.application";
		};
		2597467023A08E3A001135E1 /* ConcurrencyTestTests */ = {
			isa = PBXNativeTarget;
			buildConfigurationList = 2597467D23A08E3A001135E1 /* Build configuration list for PBXNativeTarget "ConcurrencyTestTests" */;
			buildPhases = (
				2597466D23A08E3A001135E1 /* Sources */,
				2597466E23A08E3A001135E1 /* Frameworks */,
				2597466F23A08E3A001135E1 /* Resources */,
			);
			buildRules = (
			);
			dependencies = (
				2597467323A08E3A001135E1 /* PBXTargetDependency */,
			);
			name = ConcurrencyTestTests;
			productName = ConcurrencyTestTests;
			productReference = 2597467123A08E3A001135E1 /* ConcurrencyTestTests.xctest */;
			productType = "com.apple.product-type.bundle.unit-test";
		};
/* End PBXNativeTarget section */

/* Begin PBXProject section */
		2597465323A08E38001135E1 /* Project object */ = {
			isa = PBXProject;
			attributes = {
				LastSwiftUpdateCheck = 1110;
				LastUpgradeCheck = 1110;
				ORGANIZATIONNAME = Luiz;
				TargetAttributes = {
					2597465A23A08E38001135E1 = {
						CreatedOnToolsVersion = 11.1;
					};
					2597467023A08E3A001135E1 = {
						CreatedOnToolsVersion = 11.1;
						TestTargetID = 2597465A23A08E38001135E1;
					};
				};
			};
			buildConfigurationList = 2597465623A08E38001135E1 /* Build configuration list for PBXProject "ConcurrencyTest" */;
			compatibilityVersion = "Xcode 9.3";
			developmentRegion = en;
			hasScannedForEncodings = 0;
			knownRegions = (
				en,
				Base,
			);
			mainGroup = 2597465223A08E38001135E1;
			productRefGroup = 2597465C23A08E38001135E1 /* Products */;
			projectDirPath = "";
			projectRoot = "";
			targets = (
				2597465A23A08E38001135E1 /* ConcurrencyTest */,
				2597467023A08E3A001135E1 /* ConcurrencyTestTests */,
			);
		};
/* End PBXProject section */

/* Begin PBXResourcesBuildPhase section */
		2597465923A08E38001135E1 /* Resources */ = {
			isa = PBXResourcesBuildPhase;
			buildActionMask = 2147483647;
			files = (
				2597466B23A08E3A001135E1 /* LaunchScreen.storyboard in Resources */,
				2597466823A08E3A001135E1 /* Assets.xcassets in Resources */,
				2597466623A08E38001135E1 /* Main.storyboard in Resources */,
			);
			runOnlyForDeploymentPostprocessing = 0;
		};
		2597466F23A08E3A001135E1 /* Resources */ = {
			isa = PBXResourcesBuildPhase;
			buildActionMask = 2147483647;
			files = (
			);
			runOnlyForDeploymentPostprocessing = 0;
		};
/* End PBXResourcesBuildPhase section */

/* Begin PBXSourcesBuildPhase section */
		2597465723A08E38001135E1 /* Sources */ = {
			isa = PBXSourcesBuildPhase;
			buildActionMask = 2147483647;
			files = (
				2597468123A0A512001135E1 /* CalculatePrimeOperation.swift in Sources */,
				2597466323A08E38001135E1 /* ViewController.swift in Sources */,
				2597465F23A08E38001135E1 /* AppDelegate.swift in Sources */,
				2597466123A08E38001135E1 /* SceneDelegate.swift in Sources */,
			);
			runOnlyForDeploymentPostprocessing = 0;
		};
		2597466D23A08E3A001135E1 /* Sources */ = {
			isa = PBXSourcesBuildPhase;
			buildActionMask = 2147483647;
			files = (
				2597467623A08E3A001135E1 /* ConcurrencyTestTests.swift in Sources */,
			);
			runOnlyForDeploymentPostprocessing = 0;
		};
/* End PBXSourcesBuildPhase section */

/* Begin PBXTargetDependency section */
		2597467323A08E3A001135E1 /* PBXTargetDependency */ = {
			isa = PBXTargetDependency;
			target = 2597465A23A08E38001135E1 /* ConcurrencyTest */;
			targetProxy = 2597467223A08E3A001135E1 /* PBXContainerItemProxy */;
		};
/* End PBXTargetDependency section */

/* Begin PBXVariantGroup section */
		2597466423A08E38001135E1 /* Main.storyboard */ = {
			isa = PBXVariantGroup;
			children = (
				2597466523A08E38001135E1 /* Base */,
			);
			name = Main.storyboard;
			sourceTree = "<group>";
		};
		2597466923A08E3A001135E1 /* LaunchScreen.storyboard */ = {
			isa = PBXVariantGroup;
			children = (
				2597466A23A08E3A001135E1 /* Base */,
			);
			name = LaunchScreen.storyboard;
			sourceTree = "<group>";
		};
/* End PBXVariantGroup section */

/* Begin XCBuildConfiguration section */
		2597467823A08E3A001135E1 /* Debug */ = {
			isa = XCBuildConfiguration;
			buildSettings = {
				ALWAYS_SEARCH_USER_PATHS = NO;
				CLANG_ANALYZER_NONNULL = YES;
				CLANG_ANALYZER_NUMBER_OBJECT_CONVERSION = YES_AGGRESSIVE;
				CLANG_CXX_LANGUAGE_STANDARD = "gnu++14";
				CLANG_CXX_LIBRARY = "libc++";
				CLANG_ENABLE_MODULES = YES;
				CLANG_ENABLE_OBJC_ARC = YES;
				CLANG_ENABLE_OBJC_WEAK = YES;
				CLANG_WARN_BLOCK_CAPTURE_AUTORELEASING = YES;
				CLANG_WARN_BOOL_CONVERSION = YES;
				CLANG_WARN_COMMA = YES;
				CLANG_WARN_CONSTANT_CONVERSION = YES;
				CLANG_WARN_DEPRECATED_OBJC_IMPLEMENTATIONS = YES;
				CLANG_WARN_DIRECT_OBJC_ISA_USAGE = YES_ERROR;
				CLANG_WARN_DOCUMENTATION_COMMENTS = YES;
				CLANG_WARN_EMPTY_BODY = YES;
				CLANG_WARN_ENUM_CONVERSION = YES;
				CLANG_WARN_INFINITE_RECURSION = YES;
				CLANG_WARN_INT_CONVERSION = YES;
				CLANG_WARN_NON_LITERAL_NULL_CONVERSION = YES;
				CLANG_WARN_OBJC_IMPLICIT_RETAIN_SELF = YES;
				CLANG_WARN_OBJC_LITERAL_CONVERSION = YES;
				CLANG_WARN_OBJC_ROOT_CLASS = YES_ERROR;
				CLANG_WARN_RANGE_LOOP_ANALYSIS = YES;
				CLANG_WARN_STRICT_PROTOTYPES = YES;
				CLANG_WARN_SUSPICIOUS_MOVE = YES;
				CLANG_WARN_UNGUARDED_AVAILABILITY = YES_AGGRESSIVE;
				CLANG_WARN_UNREACHABLE_CODE = YES;
				CLANG_WARN__DUPLICATE_METHOD_MATCH = YES;
				COPY_PHASE_STRIP = NO;
				DEBUG_INFORMATION_FORMAT = dwarf;
				ENABLE_STRICT_OBJC_MSGSEND = YES;
				ENABLE_TESTABILITY = YES;
				GCC_C_LANGUAGE_STANDARD = gnu11;
				GCC_DYNAMIC_NO_PIC = NO;
				GCC_NO_COMMON_BLOCKS = YES;
				GCC_OPTIMIZATION_LEVEL = 0;
				GCC_PREPROCESSOR_DEFINITIONS = (
					"DEBUG=1",
					"$(inherited)",
				);
				GCC_WARN_64_TO_32_BIT_CONVERSION = YES;
				GCC_WARN_ABOUT_RETURN_TYPE = YES_ERROR;
				GCC_WARN_UNDECLARED_SELECTOR = YES;
				GCC_WARN_UNINITIALIZED_AUTOS = YES_AGGRESSIVE;
				GCC_WARN_UNUSED_FUNCTION = YES;
				GCC_WARN_UNUSED_VARIABLE = YES;
				IPHONEOS_DEPLOYMENT_TARGET = 13.1;
				MTL_ENABLE_DEBUG_INFO = INCLUDE_SOURCE;
				MTL_FAST_MATH = YES;
				ONLY_ACTIVE_ARCH = YES;
				SDKROOT = iphoneos;
				SWIFT_ACTIVE_COMPILATION_CONDITIONS = DEBUG;
				SWIFT_OPTIMIZATION_LEVEL = "-Onone";
			};
			name = Debug;
		};
		2597467923A08E3A001135E1 /* Release */ = {
			isa = XCBuildConfiguration;
			buildSettings = {
				ALWAYS_SEARCH_USER_PATHS = NO;
				CLANG_ANALYZER_NONNULL = YES;
				CLANG_ANALYZER_NUMBER_OBJECT_CONVERSION = YES_AGGRESSIVE;
				CLANG_CXX_LANGUAGE_STANDARD = "gnu++14";
				CLANG_CXX_LIBRARY = "libc++";
				CLANG_ENABLE_MODULES = YES;
				CLANG_ENABLE_OBJC_ARC = YES;
				CLANG_ENABLE_OBJC_WEAK = YES;
				CLANG_WARN_BLOCK_CAPTURE_AUTORELEASING = YES;
				CLANG_WARN_BOOL_CONVERSION = YES;
				CLANG_WARN_COMMA = YES;
				CLANG_WARN_CONSTANT_CONVERSION = YES;
				CLANG_WARN_DEPRECATED_OBJC_IMPLEMENTATIONS = YES;
				CLANG_WARN_DIRECT_OBJC_ISA_USAGE = YES_ERROR;
				CLANG_WARN_DOCUMENTATION_COMMENTS = YES;
				CLANG_WARN_EMPTY_BODY = YES;
				CLANG_WARN_ENUM_CONVERSION = YES;
				CLANG_WARN_INFINITE_RECURSION = YES;
				CLANG_WARN_INT_CONVERSION = YES;
				CLANG_WARN_NON_LITERAL_NULL_CONVERSION = YES;
				CLANG_WARN_OBJC_IMPLICIT_RETAIN_SELF = YES;
				CLANG_WARN_OBJC_LITERAL_CONVERSION = YES;
				CLANG_WARN_OBJC_ROOT_CLASS = YES_ERROR;
				CLANG_WARN_RANGE_LOOP_ANALYSIS = YES;
				CLANG_WARN_STRICT_PROTOTYPES = YES;
				CLANG_WARN_SUSPICIOUS_MOVE = YES;
				CLANG_WARN_UNGUARDED_AVAILABILITY = YES_AGGRESSIVE;
				CLANG_WARN_UNREACHABLE_CODE = YES;
				CLANG_WARN__DUPLICATE_METHOD_MATCH = YES;
				COPY_PHASE_STRIP = NO;
				DEBUG_INFORMATION_FORMAT = "dwarf-with-dsym";
				ENABLE_NS_ASSERTIONS = NO;
				ENABLE_STRICT_OBJC_MSGSEND = YES;
				GCC_C_LANGUAGE_STANDARD = gnu11;
				GCC_NO_COMMON_BLOCKS = YES;
				GCC_WARN_64_TO_32_BIT_CONVERSION = YES;
				GCC_WARN_ABOUT_RETURN_TYPE = YES_ERROR;
				GCC_WARN_UNDECLARED_SELECTOR = YES;
				GCC_WARN_UNINITIALIZED_AUTOS = YES_AGGRESSIVE;
				GCC_WARN_UNUSED_FUNCTION = YES;
				GCC_WARN_UNUSED_VARIABLE = YES;
				IPHONEOS_DEPLOYMENT_TARGET = 13.1;
				MTL_ENABLE_DEBUG_INFO = NO;
				MTL_FAST_MATH = YES;
				SDKROOT = iphoneos;
				SWIFT_COMPILATION_MODE = wholemodule;
				SWIFT_OPTIMIZATION_LEVEL = "-O";
				VALIDATE_PRODUCT = YES;
			};
			name = Release;
		};
		2597467B23A08E3A001135E1 /* Debug */ = {
			isa = XCBuildConfiguration;
			buildSettings = {
				ASSETCATALOG_COMPILER_APPICON_NAME = AppIcon;
				CODE_SIGN_STYLE = Automatic;
				DEVELOPMENT_TEAM = 489ZVWUGPK;
				INFOPLIST_FILE = ConcurrencyTest/Info.plist;
				LD_RUNPATH_SEARCH_PATHS = (
					"$(inherited)",
					"@executable_path/Frameworks",
				);
				PRODUCT_BUNDLE_IDENTIFIER = code.luizramos.ConcurrencyTest;
				PRODUCT_NAME = "$(TARGET_NAME)";
				SWIFT_VERSION = 5.0;
				TARGETED_DEVICE_FAMILY = 1;
			};
			name = Debug;
		};
		2597467C23A08E3A001135E1 /* Release */ = {
			isa = XCBuildConfiguration;
			buildSettings = {
				ASSETCATALOG_COMPILER_APPICON_NAME = AppIcon;
				CODE_SIGN_STYLE = Automatic;
				DEVELOPMENT_TEAM = 489ZVWUGPK;
				INFOPLIST_FILE = ConcurrencyTest/Info.plist;
				LD_RUNPATH_SEARCH_PATHS = (
					"$(inherited)",
					"@executable_path/Frameworks",
				);
				PRODUCT_BUNDLE_IDENTIFIER = code.luizramos.ConcurrencyTest;
				PRODUCT_NAME = "$(TARGET_NAME)";
				SWIFT_VERSION = 5.0;
				TARGETED_DEVICE_FAMILY = 1;
			};
			name = Release;
		};
		2597467E23A08E3A001135E1 /* Debug */ = {
			isa = XCBuildConfiguration;
			buildSettings = {
				ALWAYS_EMBED_SWIFT_STANDARD_LIBRARIES = YES;
				BUNDLE_LOADER = "$(TEST_HOST)";
				CODE_SIGN_STYLE = Automatic;
				DEVELOPMENT_TEAM = 489ZVWUGPK;
				INFOPLIST_FILE = ConcurrencyTestTests/Info.plist;
				IPHONEOS_DEPLOYMENT_TARGET = 13.1;
				LD_RUNPATH_SEARCH_PATHS = (
					"$(inherited)",
					"@executable_path/Frameworks",
					"@loader_path/Frameworks",
				);
				PRODUCT_BUNDLE_IDENTIFIER = code.luizramos.ConcurrencyTestTests;
				PRODUCT_NAME = "$(TARGET_NAME)";
				SWIFT_VERSION = 5.0;
				TARGETED_DEVICE_FAMILY = "1,2";
				TEST_HOST = "$(BUILT_PRODUCTS_DIR)/ConcurrencyTest.app/ConcurrencyTest";
			};
			name = Debug;
		};
		2597467F23A08E3A001135E1 /* Release */ = {
			isa = XCBuildConfiguration;
			buildSettings = {
				ALWAYS_EMBED_SWIFT_STANDARD_LIBRARIES = YES;
				BUNDLE_LOADER = "$(TEST_HOST)";
				CODE_SIGN_STYLE = Automatic;
				DEVELOPMENT_TEAM = 489ZVWUGPK;
				INFOPLIST_FILE = ConcurrencyTestTests/Info.plist;
				IPHONEOS_DEPLOYMENT_TARGET = 13.1;
				LD_RUNPATH_SEARCH_PATHS = (
					"$(inherited)",
					"@executable_path/Frameworks",
					"@loader_path/Frameworks",
				);
				PRODUCT_BUNDLE_IDENTIFIER = code.luizramos.ConcurrencyTestTests;
				PRODUCT_NAME = "$(TARGET_NAME)";
				SWIFT_VERSION = 5.0;
				TARGETED_DEVICE_FAMILY = "1,2";
				TEST_HOST = "$(BUILT_PRODUCTS_DIR)/ConcurrencyTest.app/ConcurrencyTest";
			};
			name = Release;
		};
/* End XCBuildConfiguration section */

/* Begin XCConfigurationList section */
		2597465623A08E38001135E1 /* Build configuration list for PBXProject "ConcurrencyTest" */ = {
			isa = XCConfigurationList;
			buildConfigurations = (
				2597467823A08E3A001135E1 /* Debug */,
				2597467923A08E3A001135E1 /* Release */,
			);
			defaultConfigurationIsVisible = 0;
			defaultConfigurationName = Release;
		};
		2597467A23A08E3A001135E1 /* Build configuration list for PBXNativeTarget "ConcurrencyTest" */ = {
			isa = XCConfigurationList;
			buildConfigurations = (
				2597467B23A08E3A001135E1 /* Debug */,
				2597467C23A08E3A001135E1 /* Release */,
			);
			defaultConfigurationIsVisible = 0;
			defaultConfigurationName = Release;
		};
		2597467D23A08E3A001135E1 /* Build configuration list for PBXNativeTarget "ConcurrencyTestTests" */ = {
			isa = XCConfigurationList;
			buildConfigurations = (
				2597467E23A08E3A001135E1 /* Debug */,
				2597467F23A08E3A001135E1 /* Release */,
			);
			defaultConfigurationIsVisible = 0;
			defaultConfigurationName = Release;
		};
/* End XCConfigurationList section */
	};
	rootObject = 2597465323A08E38001135E1 /* Project object */;
}
